
Microsoft Visual Studio Solution File, Format Version 12.00
# Visual Studio Version 17
VisualStudioVersion = 17.9.34407.89
MinimumVisualStudioVersion = 10.0.40219.1
Project("{9A19103F-16F7-4668-BE54-9A1E7A4F7556}") = "FirmwareGen", "FirmwareGen\FirmwareGen.csproj", "{85918ACF-6909-45DA-B56D-3D5113B7EA6C}"
EndProject
Project("{9A19103F-16F7-4668-BE54-9A1E7A4F7556}") = "PartitionOffsetsHelperTool", "PartitionOffsetsHelperTool\PartitionOffsetsHelperTool.csproj", "{AC699AC2-883A-4278-B2A8-F0F693DC8643}"
EndProject
Project("{FAE04EC0-301F-11D3-BF4B-00C04F79EFBC}") = "GPT2DeviceProfile", "GPT2DeviceProfile\GPT2DeviceProfile.csproj", "{A743AF3C-1D03-4B75-BACE-5F357CD07ADF}"
EndProject
Project("{FAE04EC0-301F-11D3-BF4B-00C04F79EFBC}") = "GPTFixer", "GPTFixer\GPTFixer.csproj", "{E7C55206-E9D9-B034-483E-4AF14F558837}"
EndProject
Global
	GlobalSection(SolutionConfigurationPlatforms) = preSolution
		Debug|Any CPU = Debug|Any CPU
		Debug|ARM32 = Debug|ARM32
		Debug|ARM64 = Debug|ARM64
		Debug|x64 = Debug|x64
		Debug|x86 = Debug|x86
		Release|Any CPU = Release|Any CPU
		Release|ARM32 = Release|ARM32
		Release|ARM64 = Release|ARM64
		Release|x64 = Release|x64
		Release|x86 = Release|x86
	EndGlobalSection
	GlobalSection(ProjectConfigurationPlatforms) = postSolution
		{85918ACF-6909-45DA-B56D-3D5113B7EA6C}.Debug|Any CPU.ActiveCfg = Debug|Any CPU
		{85918ACF-6909-45DA-B56D-3D5113B7EA6C}.Debug|Any CPU.Build.0 = Debug|Any CPU
		{85918ACF-6909-45DA-B56D-3D5113B7EA6C}.Debug|ARM32.ActiveCfg = Debug|Any CPU
		{85918ACF-6909-45DA-B56D-3D5113B7EA6C}.Debug|ARM32.Build.0 = Debug|Any CPU
		{85918ACF-6909-45DA-B56D-3D5113B7EA6C}.Debug|ARM64.ActiveCfg = Debug|ARM64
		{85918ACF-6909-45DA-B56D-3D5113B7EA6C}.Debug|ARM64.Build.0 = Debug|ARM64
		{85918ACF-6909-45DA-B56D-3D5113B7EA6C}.Debug|x64.ActiveCfg = Debug|Any CPU
		{85918ACF-6909-45DA-B56D-3D5113B7EA6C}.Debug|x64.Build.0 = Debug|Any CPU
		{85918ACF-6909-45DA-B56D-3D5113B7EA6C}.Debug|x86.ActiveCfg = Debug|x86
		{85918ACF-6909-45DA-B56D-3D5113B7EA6C}.Debug|x86.Build.0 = Debug|x86
		{85918ACF-6909-45DA-B56D-3D5113B7EA6C}.Release|Any CPU.ActiveCfg = Release|Any CPU
		{85918ACF-6909-45DA-B56D-3D5113B7EA6C}.Release|Any CPU.Build.0 = Release|Any CPU
		{85918ACF-6909-45DA-B56D-3D5113B7EA6C}.Release|ARM32.ActiveCfg = Release|Any CPU
		{85918ACF-6909-45DA-B56D-3D5113B7EA6C}.Release|ARM32.Build.0 = Release|Any CPU
		{85918ACF-6909-45DA-B56D-3D5113B7EA6C}.Release|ARM64.ActiveCfg = Release|arm64
		{85918ACF-6909-45DA-B56D-3D5113B7EA6C}.Release|ARM64.Build.0 = Release|arm64
		{85918ACF-6909-45DA-B56D-3D5113B7EA6C}.Release|x64.ActiveCfg = Release|x64
		{85918ACF-6909-45DA-B56D-3D5113B7EA6C}.Release|x64.Build.0 = Release|x64
		{85918ACF-6909-45DA-B56D-3D5113B7EA6C}.Release|x86.ActiveCfg = Release|x86
		{85918ACF-6909-45DA-B56D-3D5113B7EA6C}.Release|x86.Build.0 = Release|x86
		{AC699AC2-883A-4278-B2A8-F0F693DC8643}.Debug|Any CPU.ActiveCfg = Debug|Any CPU
		{AC699AC2-883A-4278-B2A8-F0F693DC8643}.Debug|Any CPU.Build.0 = Debug|Any CPU
		{AC699AC2-883A-4278-B2A8-F0F693DC8643}.Debug|ARM32.ActiveCfg = Debug|Any CPU
		{AC699AC2-883A-4278-B2A8-F0F693DC8643}.Debug|ARM32.Build.0 = Debug|Any CPU
		{AC699AC2-883A-4278-B2A8-F0F693DC8643}.Debug|ARM64.ActiveCfg = Debug|Any CPU
		{AC699AC2-883A-4278-B2A8-F0F693DC8643}.Debug|ARM64.Build.0 = Debug|Any CPU
		{AC699AC2-883A-4278-B2A8-F0F693DC8643}.Debug|x64.ActiveCfg = Debug|Any CPU
		{AC699AC2-883A-4278-B2A8-F0F693DC8643}.Debug|x64.Build.0 = Debug|Any CPU
		{AC699AC2-883A-4278-B2A8-F0F693DC8643}.Debug|x86.ActiveCfg = Debug|Any CPU
		{AC699AC2-883A-4278-B2A8-F0F693DC8643}.Debug|x86.Build.0 = Debug|Any CPU
		{AC699AC2-883A-4278-B2A8-F0F693DC8643}.Release|Any CPU.ActiveCfg = Release|Any CPU
		{AC699AC2-883A-4278-B2A8-F0F693DC8643}.Release|Any CPU.Build.0 = Release|Any CPU
		{AC699AC2-883A-4278-B2A8-F0F693DC8643}.Release|ARM32.ActiveCfg = Release|Any CPU
		{AC699AC2-883A-4278-B2A8-F0F693DC8643}.Release|ARM32.Build.0 = Release|Any CPU
		{AC699AC2-883A-4278-B2A8-F0F693DC8643}.Release|ARM64.ActiveCfg = Release|ARM64
		{AC699AC2-883A-4278-B2A8-F0F693DC8643}.Release|ARM64.Build.0 = Release|ARM64
		{AC699AC2-883A-4278-B2A8-F0F693DC8643}.Release|x64.ActiveCfg = Release|Any CPU
		{AC699AC2-883A-4278-B2A8-F0F693DC8643}.Release|x64.Build.0 = Release|Any CPU
		{AC699AC2-883A-4278-B2A8-F0F693DC8643}.Release|x86.ActiveCfg = Release|Any CPU
		{AC699AC2-883A-4278-B2A8-F0F693DC8643}.Release|x86.Build.0 = Release|Any CPU
		{A743AF3C-1D03-4B75-BACE-5F357CD07ADF}.Debug|Any CPU.ActiveCfg = Debug|Any CPU
		{A743AF3C-1D03-4B75-BACE-5F357CD07ADF}.Debug|Any CPU.Build.0 = Debug|Any CPU
		{A743AF3C-1D03-4B75-BACE-5F357CD07ADF}.Debug|ARM32.ActiveCfg = Debug|Any CPU
		{A743AF3C-1D03-4B75-BACE-5F357CD07ADF}.Debug|ARM32.Build.0 = Debug|Any CPU
		{A743AF3C-1D03-4B75-BACE-5F357CD07ADF}.Debug|ARM64.ActiveCfg = Debug|Any CPU
		{A743AF3C-1D03-4B75-BACE-5F357CD07ADF}.Debug|ARM64.Build.0 = Debug|Any CPU
		{A743AF3C-1D03-4B75-BACE-5F357CD07ADF}.Debug|x64.ActiveCfg = Debug|Any CPU
		{A743AF3C-1D03-4B75-BACE-5F357CD07ADF}.Debug|x64.Build.0 = Debug|Any CPU
		{A743AF3C-1D03-4B75-BACE-5F357CD07ADF}.Debug|x86.ActiveCfg = Debug|Any CPU
		{A743AF3C-1D03-4B75-BACE-5F357CD07ADF}.Debug|x86.Build.0 = Debug|Any CPU
		{A743AF3C-1D03-4B75-BACE-5F357CD07ADF}.Release|Any CPU.ActiveCfg = Release|Any CPU
		{A743AF3C-1D03-4B75-BACE-5F357CD07ADF}.Release|Any CPU.Build.0 = Release|Any CPU
		{A743AF3C-1D03-4B75-BACE-5F357CD07ADF}.Release|ARM32.ActiveCfg = Release|Any CPU
		{A743AF3C-1D03-4B75-BACE-5F357CD07ADF}.Release|ARM32.Build.0 = Release|Any CPU
		{A743AF3C-1D03-4B75-BACE-5F357CD07ADF}.Release|ARM64.ActiveCfg = Release|Any CPU
		{A743AF3C-1D03-4B75-BACE-5F357CD07ADF}.Release|ARM64.Build.0 = Release|Any CPU
		{A743AF3C-1D03-4B75-BACE-5F357CD07ADF}.Release|x64.ActiveCfg = Release|Any CPU
		{A743AF3C-1D03-4B75-BACE-5F357CD07ADF}.Release|x64.Build.0 = Release|Any CPU
		{A743AF3C-1D03-4B75-BACE-5F357CD07ADF}.Release|x86.ActiveCfg = Release|Any CPU
		{A743AF3C-1D03-4B75-BACE-5F357CD07ADF}.Release|x86.Build.0 = Release|Any CPU
		{E7C55206-E9D9-B034-483E-4AF14F558837}.Debug|Any CPU.ActiveCfg = Debug|x64
		{E7C55206-E9D9-B034-483E-4AF14F558837}.Debug|Any CPU.Build.0 = Debug|x64
		{E7C55206-E9D9-B034-483E-4AF14F558837}.Debug|ARM32.ActiveCfg = Debug|ARM32
		{E7C55206-E9D9-B034-483E-4AF14F558837}.Debug|ARM32.Build.0 = Debug|ARM32
		{E7C55206-E9D9-B034-483E-4AF14F558837}.Debug|ARM64.ActiveCfg = Debug|ARM64
		{E7C55206-E9D9-B034-483E-4AF14F558837}.Debug|ARM64.Build.0 = Debug|ARM64
		{E7C55206-E9D9-B034-483E-4AF14F558837}.Debug|x64.ActiveCfg = Debug|x64
		{E7C55206-E9D9-B034-483E-4AF14F558837}.Debug|x64.Build.0 = Debug|x64
		{E7C55206-E9D9-B034-483E-4AF14F558837}.Debug|x86.ActiveCfg = Debug|x86
		{E7C55206-E9D9-B034-483E-4AF14F558837}.Debug|x86.Build.0 = Debug|x86
		{E7C55206-E9D9-B034-483E-4AF14F558837}.Release|Any CPU.ActiveCfg = Release|x64
		{E7C55206-E9D9-B034-483E-4AF14F558837}.Release|Any CPU.Build.0 = Release|x64
		{E7C55206-E9D9-B034-483E-4AF14F558837}.Release|ARM32.ActiveCfg = Release|ARM32
		{E7C55206-E9D9-B034-483E-4AF14F558837}.Release|ARM32.Build.0 = Release|ARM32
		{E7C55206-E9D9-B034-483E-4AF14F558837}.Release|ARM64.ActiveCfg = Release|ARM64
		{E7C55206-E9D9-B034-483E-4AF14F558837}.Release|ARM64.Build.0 = Release|ARM64
		{E7C55206-E9D9-B034-483E-4AF14F558837}.Release|x64.ActiveCfg = Release|x64
		{E7C55206-E9D9-B034-483E-4AF14F558837}.Release|x64.Build.0 = Release|x64
		{E7C55206-E9D9-B034-483E-4AF14F558837}.Release|x86.ActiveCfg = Release|x86
		{E7C55206-E9D9-B034-483E-4AF14F558837}.Release|x86.Build.0 = Release|x86
	EndGlobalSection
	GlobalSection(SolutionProperties) = preSolution
		HideSolutionNode = FALSE
	EndGlobalSection
	GlobalSection(ExtensibilityGlobals) = postSolution
		SolutionGuid = {3797BA97-8D14-4125-97B3-334C91E27977}
	EndGlobalSection
EndGlobal
